// !$*UTF8*$!
{
	archiveVersion = 1;
	classes = {
	};
	objectVersion = 56;
	objects = {

/* Begin PBXBuildFile section */
		2B20EEF42AA648F10012F717 /* Volleyball_analysisApp.swift in Sources */ = {isa = PBXBuildFile; fileRef = 2B20EEF32AA648F10012F717 /* Volleyball_analysisApp.swift */; };
		2B20EEF62AA648F10012F717 /* ContentView.swift in Sources */ = {isa = PBXBuildFile; fileRef = 2B20EEF52AA648F10012F717 /* ContentView.swift */; };
		2B20EEFA2AA648F20012F717 /* Assets.xcassets in Resources */ = {isa = PBXBuildFile; fileRef = 2B20EEF92AA648F20012F717 /* Assets.xcassets */; };
		2B20EEFD2AA648F20012F717 /* Preview Assets.xcassets in Resources */ = {isa = PBXBuildFile; fileRef = 2B20EEFC2AA648F20012F717 /* Preview Assets.xcassets */; };
		2B23E1C52ABAF4530034226B /* TrajectoryView.swift in Sources */ = {isa = PBXBuildFile; fileRef = 2B23E1C42ABAF4520034226B /* TrajectoryView.swift */; };
		2B38040E2AA757CA00B5E9C8 /* RootViewController.swift in Sources */ = {isa = PBXBuildFile; fileRef = 2B38040D2AA757CA00B5E9C8 /* RootViewController.swift */; };
		2B59A0562AB44BD40058910A /* CameraViewController.swift in Sources */ = {isa = PBXBuildFile; fileRef = 2B59A0552AB44BD40058910A /* CameraViewController.swift */; };
		2B59A05A2AB44CEE0058910A /* Common.swift in Sources */ = {isa = PBXBuildFile; fileRef = 2B59A0592AB44CEE0058910A /* Common.swift */; };
		2B59A05C2AB455220058910A /* AppManager.swift in Sources */ = {isa = PBXBuildFile; fileRef = 2B59A05B2AB455220058910A /* AppManager.swift */; };
		2B59A05E2AB45ECC0058910A /* GameViewController.swift in Sources */ = {isa = PBXBuildFile; fileRef = 2B59A05D2AB45ECC0058910A /* GameViewController.swift */; };
		2B59A0602AB45F7A0058910A /* ResultsViewController.swift in Sources */ = {isa = PBXBuildFile; fileRef = 2B59A05F2AB45F7A0058910A /* ResultsViewController.swift */; };
		2B59A0622AB4601C0058910A /* SetupViewController.swift in Sources */ = {isa = PBXBuildFile; fileRef = 2B59A0612AB4601C0058910A /* SetupViewController.swift */; };
		2B59A0642AB482400058910A /* VideoOutputViews.swift in Sources */ = {isa = PBXBuildFile; fileRef = 2B59A0632AB482400058910A /* VideoOutputViews.swift */; };
		2B59A0662AB4860E0058910A /* BoundingBoxView.swift in Sources */ = {isa = PBXBuildFile; fileRef = 2B59A0652AB4860E0058910A /* BoundingBoxView.swift */; };
		2B59A0682AB487370058910A /* AnimatedTransitioning.swift in Sources */ = {isa = PBXBuildFile; fileRef = 2B59A0672AB487370058910A /* AnimatedTransitioning.swift */; };
		2B59A06A2AB488CC0058910A /* JointSegmentView.swift in Sources */ = {isa = PBXBuildFile; fileRef = 2B59A0692AB488CC0058910A /* JointSegmentView.swift */; };
		2B59A06C2AB48B250058910A /* PlayerActionClassifier.mlmodel in Sources */ = {isa = PBXBuildFile; fileRef = 2B59A06B2AB48B250058910A /* PlayerActionClassifier.mlmodel */; };
		2B59A06E2AB48E590058910A /* MyAppDelegate.swift in Sources */ = {isa = PBXBuildFile; fileRef = 2B59A06D2AB48E590058910A /* MyAppDelegate.swift */; };
/* End PBXBuildFile section */

/* Begin PBXFileReference section */
		2B20EEF02AA648F10012F717 /* Volleyball analysis.app */ = {isa = PBXFileReference; explicitFileType = wrapper.application; includeInIndex = 0; path = "Volleyball analysis.app"; sourceTree = BUILT_PRODUCTS_DIR; };
		2B20EEF32AA648F10012F717 /* Volleyball_analysisApp.swift */ = {isa = PBXFileReference; lastKnownFileType = sourcecode.swift; path = Volleyball_analysisApp.swift; sourceTree = "<group>"; };
		2B20EEF52AA648F10012F717 /* ContentView.swift */ = {isa = PBXFileReference; lastKnownFileType = sourcecode.swift; path = ContentView.swift; sourceTree = "<group>"; };
		2B20EEF92AA648F20012F717 /* Assets.xcassets */ = {isa = PBXFileReference; lastKnownFileType = folder.assetcatalog; path = Assets.xcassets; sourceTree = "<group>"; };
		2B20EEFC2AA648F20012F717 /* Preview Assets.xcassets */ = {isa = PBXFileReference; lastKnownFileType = folder.assetcatalog; path = "Preview Assets.xcassets"; sourceTree = "<group>"; };
		2B23E1C42ABAF4520034226B /* TrajectoryView.swift */ = {isa = PBXFileReference; fileEncoding = 4; lastKnownFileType = sourcecode.swift; path = TrajectoryView.swift; sourceTree = "<group>"; };
		2B38040D2AA757CA00B5E9C8 /* RootViewController.swift */ = {isa = PBXFileReference; lastKnownFileType = sourcecode.swift; path = RootViewController.swift; sourceTree = "<group>"; };
		2B59A0552AB44BD40058910A /* CameraViewController.swift */ = {isa = PBXFileReference; lastKnownFileType = sourcecode.swift; path = CameraViewController.swift; sourceTree = "<group>"; };
		2B59A0592AB44CEE0058910A /* Common.swift */ = {isa = PBXFileReference; lastKnownFileType = sourcecode.swift; path = Common.swift; sourceTree = "<group>"; };
		2B59A05B2AB455220058910A /* AppManager.swift */ = {isa = PBXFileReference; lastKnownFileType = sourcecode.swift; path = AppManager.swift; sourceTree = "<group>"; };
		2B59A05D2AB45ECC0058910A /* GameViewController.swift */ = {isa = PBXFileReference; lastKnownFileType = sourcecode.swift; path = GameViewController.swift; sourceTree = "<group>"; };
		2B59A05F2AB45F7A0058910A /* ResultsViewController.swift */ = {isa = PBXFileReference; lastKnownFileType = sourcecode.swift; path = ResultsViewController.swift; sourceTree = "<group>"; };
		2B59A0612AB4601C0058910A /* SetupViewController.swift */ = {isa = PBXFileReference; lastKnownFileType = sourcecode.swift; path = SetupViewController.swift; sourceTree = "<group>"; };
		2B59A0632AB482400058910A /* VideoOutputViews.swift */ = {isa = PBXFileReference; fileEncoding = 4; lastKnownFileType = sourcecode.swift; path = VideoOutputViews.swift; sourceTree = "<group>"; };
		2B59A0652AB4860E0058910A /* BoundingBoxView.swift */ = {isa = PBXFileReference; fileEncoding = 4; lastKnownFileType = sourcecode.swift; path = BoundingBoxView.swift; sourceTree = "<group>"; };
		2B59A0672AB487370058910A /* AnimatedTransitioning.swift */ = {isa = PBXFileReference; fileEncoding = 4; lastKnownFileType = sourcecode.swift; path = AnimatedTransitioning.swift; sourceTree = "<group>"; };
		2B59A0692AB488CC0058910A /* JointSegmentView.swift */ = {isa = PBXFileReference; fileEncoding = 4; lastKnownFileType = sourcecode.swift; path = JointSegmentView.swift; sourceTree = "<group>"; };
		2B59A06B2AB48B250058910A /* PlayerActionClassifier.mlmodel */ = {isa = PBXFileReference; lastKnownFileType = file.mlmodel; path = PlayerActionClassifier.mlmodel; sourceTree = "<group>"; };
		2B59A06D2AB48E590058910A /* MyAppDelegate.swift */ = {isa = PBXFileReference; lastKnownFileType = sourcecode.swift; path = MyAppDelegate.swift; sourceTree = "<group>"; };
/* End PBXFileReference section */

/* Begin PBXFrameworksBuildPhase section */
		2B20EEED2AA648F10012F717 /* Frameworks */ = {
			isa = PBXFrameworksBuildPhase;
			buildActionMask = 2147483647;
			files = (
			);
			runOnlyForDeploymentPostprocessing = 0;
		};
/* End PBXFrameworksBuildPhase section */

/* Begin PBXGroup section */
		2B20EEE72AA648F10012F717 = {
			isa = PBXGroup;
			children = (
				2B20EEF22AA648F10012F717 /* Volleyball analysis */,
				2B20EEF12AA648F10012F717 /* Products */,
			);
			sourceTree = "<group>";
		};
		2B20EEF12AA648F10012F717 /* Products */ = {
			isa = PBXGroup;
			children = (
				2B20EEF02AA648F10012F717 /* Volleyball analysis.app */,
			);
			name = Products;
			sourceTree = "<group>";
		};
		2B20EEF22AA648F10012F717 /* Volleyball analysis */ = {
			isa = PBXGroup;
			children = (
				2B23E1C32ABAF2150034226B /* ViewControllers */,
				2B20EEF32AA648F10012F717 /* Volleyball_analysisApp.swift */,
				2B20EEF52AA648F10012F717 /* ContentView.swift */,
				2B59A05B2AB455220058910A /* AppManager.swift */,
				2B59A06D2AB48E590058910A /* MyAppDelegate.swift */,
				2B59A0652AB4860E0058910A /* BoundingBoxView.swift */,
				2B59A0692AB488CC0058910A /* JointSegmentView.swift */,
				2B59A0672AB487370058910A /* AnimatedTransitioning.swift */,
				2B23E1C42ABAF4520034226B /* TrajectoryView.swift */,
				2B59A0632AB482400058910A /* VideoOutputViews.swift */,
				2B59A0592AB44CEE0058910A /* Common.swift */,
				2B20EEF92AA648F20012F717 /* Assets.xcassets */,
				2B59A06B2AB48B250058910A /* PlayerActionClassifier.mlmodel */,
				2B20EEFB2AA648F20012F717 /* Preview Content */,
			);
			path = "Volleyball analysis";
			sourceTree = "<group>";
		};
		2B20EEFB2AA648F20012F717 /* Preview Content */ = {
			isa = PBXGroup;
			children = (
				2B20EEFC2AA648F20012F717 /* Preview Assets.xcassets */,
			);
			path = "Preview Content";
			sourceTree = "<group>";
		};
		2B23E1C32ABAF2150034226B /* ViewControllers */ = {
			isa = PBXGroup;
			children = (
				2B38040D2AA757CA00B5E9C8 /* RootViewController.swift */,
				2B59A05F2AB45F7A0058910A /* ResultsViewController.swift */,
				2B59A0612AB4601C0058910A /* SetupViewController.swift */,
				2B59A05D2AB45ECC0058910A /* GameViewController.swift */,
				2B59A0552AB44BD40058910A /* CameraViewController.swift */,
			);
			path = ViewControllers;
			sourceTree = "<group>";
		};
/* End PBXGroup section */

/* Begin PBXNativeTarget section */
		2B20EEEF2AA648F10012F717 /* Volleyball analysis */ = {
			isa = PBXNativeTarget;
			buildConfigurationList = 2B20EF002AA648F20012F717 /* Build configuration list for PBXNativeTarget "Volleyball analysis" */;
			buildPhases = (
				2B20EEEC2AA648F10012F717 /* Sources */,
				2B20EEED2AA648F10012F717 /* Frameworks */,
				2B20EEEE2AA648F10012F717 /* Resources */,
			);
			buildRules = (
			);
			dependencies = (
			);
			name = "Volleyball analysis";
			productName = "Volleyball analysis";
			productReference = 2B20EEF02AA648F10012F717 /* Volleyball analysis.app */;
			productType = "com.apple.product-type.application";
		};
/* End PBXNativeTarget section */

/* Begin PBXProject section */
		2B20EEE82AA648F10012F717 /* Project object */ = {
			isa = PBXProject;
			attributes = {
				BuildIndependentTargetsInParallel = 1;
				LastSwiftUpdateCheck = 1500;
				LastUpgradeCheck = 1500;
				TargetAttributes = {
					2B20EEEF2AA648F10012F717 = {
						CreatedOnToolsVersion = 15.0;
					};
				};
			};
			buildConfigurationList = 2B20EEEB2AA648F10012F717 /* Build configuration list for PBXProject "Volleyball analysis" */;
			compatibilityVersion = "Xcode 14.0";
			developmentRegion = en;
			hasScannedForEncodings = 0;
			knownRegions = (
				en,
				Base,
			);
			mainGroup = 2B20EEE72AA648F10012F717;
			productRefGroup = 2B20EEF12AA648F10012F717 /* Products */;
			projectDirPath = "";
			projectRoot = "";
			targets = (
				2B20EEEF2AA648F10012F717 /* Volleyball analysis */,
			);
		};
/* End PBXProject section */

/* Begin PBXResourcesBuildPhase section */
		2B20EEEE2AA648F10012F717 /* Resources */ = {
			isa = PBXResourcesBuildPhase;
			buildActionMask = 2147483647;
			files = (
				2B20EEFD2AA648F20012F717 /* Preview Assets.xcassets in Resources */,
				2B20EEFA2AA648F20012F717 /* Assets.xcassets in Resources */,
			);
			runOnlyForDeploymentPostprocessing = 0;
		};
/* End PBXResourcesBuildPhase section */

/* Begin PBXSourcesBuildPhase section */
		2B20EEEC2AA648F10012F717 /* Sources */ = {
			isa = PBXSourcesBuildPhase;
			buildActionMask = 2147483647;
			files = (
				2B59A05A2AB44CEE0058910A /* Common.swift in Sources */,
				2B23E1C52ABAF4530034226B /* TrajectoryView.swift in Sources */,
				2B59A0662AB4860E0058910A /* BoundingBoxView.swift in Sources */,
				2B59A06C2AB48B250058910A /* PlayerActionClassifier.mlmodel in Sources */,
				2B59A0682AB487370058910A /* AnimatedTransitioning.swift in Sources */,
				2B59A06A2AB488CC0058910A /* JointSegmentView.swift in Sources */,
				2B20EEF62AA648F10012F717 /* ContentView.swift in Sources */,
				2B59A0642AB482400058910A /* VideoOutputViews.swift in Sources */,
				2B59A06E2AB48E590058910A /* MyAppDelegate.swift in Sources */,
				2B59A0562AB44BD40058910A /* CameraViewController.swift in Sources */,
				2B59A05E2AB45ECC0058910A /* GameViewController.swift in Sources */,
				2B38040E2AA757CA00B5E9C8 /* RootViewController.swift in Sources */,
				2B59A0622AB4601C0058910A /* SetupViewController.swift in Sources */,
				2B59A0602AB45F7A0058910A /* ResultsViewController.swift in Sources */,
				2B20EEF42AA648F10012F717 /* Volleyball_analysisApp.swift in Sources */,
				2B59A05C2AB455220058910A /* AppManager.swift in Sources */,
			);
			runOnlyForDeploymentPostprocessing = 0;
		};
/* End PBXSourcesBuildPhase section */

/* Begin XCBuildConfiguration section */
		2B20EEFE2AA648F20012F717 /* Debug */ = {
			isa = XCBuildConfiguration;
			buildSettings = {
				ALWAYS_SEARCH_USER_PATHS = NO;
				ASSETCATALOG_COMPILER_GENERATE_SWIFT_ASSET_SYMBOL_EXTENSIONS = YES;
				CLANG_ANALYZER_NONNULL = YES;
				CLANG_ANALYZER_NUMBER_OBJECT_CONVERSION = YES_AGGRESSIVE;
				CLANG_CXX_LANGUAGE_STANDARD = "gnu++20";
				CLANG_ENABLE_MODULES = YES;
				CLANG_ENABLE_OBJC_ARC = YES;
				CLANG_ENABLE_OBJC_WEAK = YES;
				CLANG_WARN_BLOCK_CAPTURE_AUTORELEASING = YES;
				CLANG_WARN_BOOL_CONVERSION = YES;
				CLANG_WARN_COMMA = YES;
				CLANG_WARN_CONSTANT_CONVERSION = YES;
				CLANG_WARN_DEPRECATED_OBJC_IMPLEMENTATIONS = YES;
				CLANG_WARN_DIRECT_OBJC_ISA_USAGE = YES_ERROR;
				CLANG_WARN_DOCUMENTATION_COMMENTS = YES;
				CLANG_WARN_EMPTY_BODY = YES;
				CLANG_WARN_ENUM_CONVERSION = YES;
				CLANG_WARN_INFINITE_RECURSION = YES;
				CLANG_WARN_INT_CONVERSION = YES;
				CLANG_WARN_NON_LITERAL_NULL_CONVERSION = YES;
				CLANG_WARN_OBJC_IMPLICIT_RETAIN_SELF = YES;
				CLANG_WARN_OBJC_LITERAL_CONVERSION = YES;
				CLANG_WARN_OBJC_ROOT_CLASS = YES_ERROR;
				CLANG_WARN_QUOTED_INCLUDE_IN_FRAMEWORK_HEADER = YES;
				CLANG_WARN_RANGE_LOOP_ANALYSIS = YES;
				CLANG_WARN_STRICT_PROTOTYPES = YES;
				CLANG_WARN_SUSPICIOUS_MOVE = YES;
				CLANG_WARN_UNGUARDED_AVAILABILITY = YES_AGGRESSIVE;
				CLANG_WARN_UNREACHABLE_CODE = YES;
				CLANG_WARN__DUPLICATE_METHOD_MATCH = YES;
				COPY_PHASE_STRIP = NO;
				DEBUG_INFORMATION_FORMAT = dwarf;
				ENABLE_STRICT_OBJC_MSGSEND = YES;
				ENABLE_TESTABILITY = YES;
				ENABLE_USER_SCRIPT_SANDBOXING = YES;
				GCC_C_LANGUAGE_STANDARD = gnu17;
				GCC_DYNAMIC_NO_PIC = NO;
				GCC_NO_COMMON_BLOCKS = YES;
				GCC_OPTIMIZATION_LEVEL = 0;
				GCC_PREPROCESSOR_DEFINITIONS = (
					"DEBUG=1",
					"$(inherited)",
				);
				GCC_WARN_64_TO_32_BIT_CONVERSION = YES;
				GCC_WARN_ABOUT_RETURN_TYPE = YES_ERROR;
				GCC_WARN_UNDECLARED_SELECTOR = YES;
				GCC_WARN_UNINITIALIZED_AUTOS = YES_AGGRESSIVE;
				GCC_WARN_UNUSED_FUNCTION = YES;
				GCC_WARN_UNUSED_VARIABLE = YES;
				IPHONEOS_DEPLOYMENT_TARGET = 17.0;
				LOCALIZATION_PREFERS_STRING_CATALOGS = YES;
				MTL_ENABLE_DEBUG_INFO = INCLUDE_SOURCE;
				MTL_FAST_MATH = YES;
				ONLY_ACTIVE_ARCH = YES;
				SDKROOT = iphoneos;
				SWIFT_ACTIVE_COMPILATION_CONDITIONS = "DEBUG $(inherited)";
				SWIFT_OPTIMIZATION_LEVEL = "-Onone";
			};
			name = Debug;
		};
		2B20EEFF2AA648F20012F717 /* Release */ = {
			isa = XCBuildConfiguration;
			buildSettings = {
				ALWAYS_SEARCH_USER_PATHS = NO;
				ASSETCATALOG_COMPILER_GENERATE_SWIFT_ASSET_SYMBOL_EXTENSIONS = YES;
				CLANG_ANALYZER_NONNULL = YES;
				CLANG_ANALYZER_NUMBER_OBJECT_CONVERSION = YES_AGGRESSIVE;
				CLANG_CXX_LANGUAGE_STANDARD = "gnu++20";
				CLANG_ENABLE_MODULES = YES;
				CLANG_ENABLE_OBJC_ARC = YES;
				CLANG_ENABLE_OBJC_WEAK = YES;
				CLANG_WARN_BLOCK_CAPTURE_AUTORELEASING = YES;
				CLANG_WARN_BOOL_CONVERSION = YES;
				CLANG_WARN_COMMA = YES;
				CLANG_WARN_CONSTANT_CONVERSION = YES;
				CLANG_WARN_DEPRECATED_OBJC_IMPLEMENTATIONS = YES;
				CLANG_WARN_DIRECT_OBJC_ISA_USAGE = YES_ERROR;
				CLANG_WARN_DOCUMENTATION_COMMENTS = YES;
				CLANG_WARN_EMPTY_BODY = YES;
				CLANG_WARN_ENUM_CONVERSION = YES;
				CLANG_WARN_INFINITE_RECURSION = YES;
				CLANG_WARN_INT_CONVERSION = YES;
				CLANG_WARN_NON_LITERAL_NULL_CONVERSION = YES;
				CLANG_WARN_OBJC_IMPLICIT_RETAIN_SELF = YES;
				CLANG_WARN_OBJC_LITERAL_CONVERSION = YES;
				CLANG_WARN_OBJC_ROOT_CLASS = YES_ERROR;
				CLANG_WARN_QUOTED_INCLUDE_IN_FRAMEWORK_HEADER = YES;
				CLANG_WARN_RANGE_LOOP_ANALYSIS = YES;
				CLANG_WARN_STRICT_PROTOTYPES = YES;
				CLANG_WARN_SUSPICIOUS_MOVE = YES;
				CLANG_WARN_UNGUARDED_AVAILABILITY = YES_AGGRESSIVE;
				CLANG_WARN_UNREACHABLE_CODE = YES;
				CLANG_WARN__DUPLICATE_METHOD_MATCH = YES;
				COPY_PHASE_STRIP = NO;
				DEBUG_INFORMATION_FORMAT = "dwarf-with-dsym";
				ENABLE_NS_ASSERTIONS = NO;
				ENABLE_STRICT_OBJC_MSGSEND = YES;
				ENABLE_USER_SCRIPT_SANDBOXING = YES;
				GCC_C_LANGUAGE_STANDARD = gnu17;
				GCC_NO_COMMON_BLOCKS = YES;
				GCC_WARN_64_TO_32_BIT_CONVERSION = YES;
				GCC_WARN_ABOUT_RETURN_TYPE = YES_ERROR;
				GCC_WARN_UNDECLARED_SELECTOR = YES;
				GCC_WARN_UNINITIALIZED_AUTOS = YES_AGGRESSIVE;
				GCC_WARN_UNUSED_FUNCTION = YES;
				GCC_WARN_UNUSED_VARIABLE = YES;
				IPHONEOS_DEPLOYMENT_TARGET = 17.0;
				LOCALIZATION_PREFERS_STRING_CATALOGS = YES;
				MTL_ENABLE_DEBUG_INFO = NO;
				MTL_FAST_MATH = YES;
				SDKROOT = iphoneos;
				SWIFT_COMPILATION_MODE = wholemodule;
				VALIDATE_PRODUCT = YES;
			};
			name = Release;
		};
		2B20EF012AA648F20012F717 /* Debug */ = {
			isa = XCBuildConfiguration;
			buildSettings = {
				ASSETCATALOG_COMPILER_APPICON_NAME = AppIcon;
				ASSETCATALOG_COMPILER_GLOBAL_ACCENT_COLOR_NAME = AccentColor;
				CODE_SIGN_STYLE = Automatic;
				CURRENT_PROJECT_VERSION = 1;
				DEVELOPMENT_ASSET_PATHS = "\"Volleyball analysis/Preview Content\"";
				DEVELOPMENT_TEAM = KB7MXFML57;
				ENABLE_PREVIEWS = YES;
				GENERATE_INFOPLIST_FILE = YES;
				INFOPLIST_KEY_CFBundleDisplayName = VolleyVision;
				INFOPLIST_KEY_NSCameraUsageDescription = "The app uses the camera to detect actions and objects";
				INFOPLIST_KEY_UIApplicationSceneManifest_Generation = YES;
				INFOPLIST_KEY_UIApplicationSupportsIndirectInputEvents = YES;
				INFOPLIST_KEY_UILaunchScreen_Generation = YES;
				INFOPLIST_KEY_UISupportedInterfaceOrientations = "UIInterfaceOrientationLandscapeLeft UIInterfaceOrientationLandscapeRight";
				INFOPLIST_KEY_UISupportedInterfaceOrientations_iPad = "UIInterfaceOrientationLandscapeLeft UIInterfaceOrientationLandscapeRight UIInterfaceOrientationPortraitUpsideDown";
				LD_RUNPATH_SEARCH_PATHS = (
					"$(inherited)",
					"@executable_path/Frameworks",
				);
				MARKETING_VERSION = 1.0;
				PRODUCT_BUNDLE_IDENTIFIER = "com.pieterbikkel.Volleyball-analysis";
				PRODUCT_NAME = "$(TARGET_NAME)";
				SWIFT_EMIT_LOC_STRINGS = YES;
				SWIFT_VERSION = 5.0;
				TARGETED_DEVICE_FAMILY = "1,2";
			};
			name = Debug;
		};
		2B20EF022AA648F20012F717 /* Release */ = {
			isa = XCBuildConfiguration;
			buildSettings = {
				ASSETCATALOG_COMPILER_APPICON_NAME = AppIcon;
				ASSETCATALOG_COMPILER_GLOBAL_ACCENT_COLOR_NAME = AccentColor;
				CODE_SIGN_STYLE = Automatic;
				CURRENT_PROJECT_VERSION = 1;
				DEVELOPMENT_ASSET_PATHS = "\"Volleyball analysis/Preview Content\"";
				DEVELOPMENT_TEAM = KB7MXFML57;
				ENABLE_PREVIEWS = YES;
				GENERATE_INFOPLIST_FILE = YES;
				INFOPLIST_KEY_CFBundleDisplayName = VolleyVision;
				INFOPLIST_KEY_NSCameraUsageDescription = "The app uses the camera to detect actions and objects";
				INFOPLIST_KEY_UIApplicationSceneManifest_Generation = YES;
				INFOPLIST_KEY_UIApplicationSupportsIndirectInputEvents = YES;
				INFOPLIST_KEY_UILaunchScreen_Generation = YES;
				INFOPLIST_KEY_UISupportedInterfaceOrientations = "UIInterfaceOrientationLandscapeLeft UIInterfaceOrientationLandscapeRight";
				INFOPLIST_KEY_UISupportedInterfaceOrientations_iPad = "UIInterfaceOrientationLandscapeLeft UIInterfaceOrientationLandscapeRight UIInterfaceOrientationPortraitUpsideDown";
				LD_RUNPATH_SEARCH_PATHS = (
					"$(inherited)",
					"@executable_path/Frameworks",
				);
				MARKETING_VERSION = 1.0;
				PRODUCT_BUNDLE_IDENTIFIER = "com.pieterbikkel.Volleyball-analysis";
				PRODUCT_NAME = "$(TARGET_NAME)";
				SWIFT_EMIT_LOC_STRINGS = YES;
				SWIFT_VERSION = 5.0;
				TARGETED_DEVICE_FAMILY = "1,2";
			};
			name = Release;
		};
/* End XCBuildConfiguration section */

/* Begin XCConfigurationList section */
		2B20EEEB2AA648F10012F717 /* Build configuration list for PBXProject "Volleyball analysis" */ = {
			isa = XCConfigurationList;
			buildConfigurations = (
				2B20EEFE2AA648F20012F717 /* Debug */,
				2B20EEFF2AA648F20012F717 /* Release */,
			);
			defaultConfigurationIsVisible = 0;
			defaultConfigurationName = Release;
		};
		2B20EF002AA648F20012F717 /* Build configuration list for PBXNativeTarget "Volleyball analysis" */ = {
			isa = XCConfigurationList;
			buildConfigurations = (
				2B20EF012AA648F20012F717 /* Debug */,
				2B20EF022AA648F20012F717 /* Release */,
			);
			defaultConfigurationIsVisible = 0;
			defaultConfigurationName = Release;
		};
/* End XCConfigurationList section */
	};
	rootObject = 2B20EEE82AA648F10012F717 /* Project object */;
}
